
Microsoft Visual Studio Solution File, Format Version 12.00
# Visual Studio Version 17
VisualStudioVersion = 17.12.35728.132
MinimumVisualStudioVersion = 10.0.40219.1
Project("{FAE04EC0-301F-11D3-BF4B-00C04F79EFBC}") = "ServidorJuegoAhorcado", "ServidorJuegoAhorcado\ServidorJuegoAhorcado.csproj", "{2C4CF429-A556-45DE-BB67-6A2092331160}"
EndProject
Project("{FAE04EC0-301F-11D3-BF4B-00C04F79EFBC}") = "Cliente", "Cliente\Cliente.csproj", "{D504714E-A8F6-4285-9EBA-082B01CD85E4}"
EndProject
Global
	GlobalSection(SolutionConfigurationPlatforms) = preSolution
		Debug|Any CPU = Debug|Any CPU
		Release|Any CPU = Release|Any CPU
	EndGlobalSection
	GlobalSection(ProjectConfigurationPlatforms) = postSolution
		{2C4CF429-A556-45DE-BB67-6A2092331160}.Debug|Any CPU.ActiveCfg = Debug|Any CPU
		{2C4CF429-A556-45DE-BB67-6A2092331160}.Debug|Any CPU.Build.0 = Debug|Any CPU
		{2C4CF429-A556-45DE-BB67-6A2092331160}.Release|Any CPU.ActiveCfg = Release|Any CPU
		{2C4CF429-A556-45DE-BB67-6A2092331160}.Release|Any CPU.Build.0 = Release|Any CPU
		{D504714E-A8F6-4285-9EBA-082B01CD85E4}.Debug|Any CPU.ActiveCfg = Debug|Any CPU
		{D504714E-A8F6-4285-9EBA-082B01CD85E4}.Debug|Any CPU.Build.0 = Debug|Any CPU
		{D504714E-A8F6-4285-9EBA-082B01CD85E4}.Release|Any CPU.ActiveCfg = Release|Any CPU
		{D504714E-A8F6-4285-9EBA-082B01CD85E4}.Release|Any CPU.Build.0 = Release|Any CPU
	EndGlobalSection
	GlobalSection(SolutionProperties) = preSolution
		HideSolutionNode = FALSE
	EndGlobalSection
EndGlobal
